
Microsoft Visual Studio Solution File, Format Version 12.00
# Visual Studio Version 17
VisualStudioVersion = 17.3.32901.215
MinimumVisualStudioVersion = 10.0.40219.1
Project("{9A19103F-16F7-4668-BE54-9A1E7A4F7556}") = "QuanLyNhanSu", "QuanLyNhanSu\QuanLyNhanSu.csproj", "{C3776BB8-E461-495F-B9BB-CDA1EB1B4F17}"
EndProject
Project("{9A19103F-16F7-4668-BE54-9A1E7A4F7556}") = "QuanLyNhanSu.Entity", "QuanLyNhanSu.Entity\QuanLyNhanSu.Entity.csproj", "{1044D82C-F187-4D74-9535-2ECADCC018A9}"
EndProject
Project("{9A19103F-16F7-4668-BE54-9A1E7A4F7556}") = "QuanLyNhanSu.Persistence", "QuanLyNhanSu.Persistence\QuanLyNhanSu.Persistence.csproj", "{32B85F40-6028-41CF-A0F1-02156C4B3295}"
EndProject
Global
	GlobalSection(SolutionConfigurationPlatforms) = preSolution
		Debug|Any CPU = Debug|Any CPU
		Release|Any CPU = Release|Any CPU
	EndGlobalSection
	GlobalSection(ProjectConfigurationPlatforms) = postSolution
		{C3776BB8-E461-495F-B9BB-CDA1EB1B4F17}.Debug|Any CPU.ActiveCfg = Debug|Any CPU
		{C3776BB8-E461-495F-B9BB-CDA1EB1B4F17}.Debug|Any CPU.Build.0 = Debug|Any CPU
		{C3776BB8-E461-495F-B9BB-CDA1EB1B4F17}.Release|Any CPU.ActiveCfg = Release|Any CPU
		{C3776BB8-E461-495F-B9BB-CDA1EB1B4F17}.Release|Any CPU.Build.0 = Release|Any CPU
		{1044D82C-F187-4D74-9535-2ECADCC018A9}.Debug|Any CPU.ActiveCfg = Debug|Any CPU
		{1044D82C-F187-4D74-9535-2ECADCC018A9}.Debug|Any CPU.Build.0 = Debug|Any CPU
		{1044D82C-F187-4D74-9535-2ECADCC018A9}.Release|Any CPU.ActiveCfg = Release|Any CPU
		{1044D82C-F187-4D74-9535-2ECADCC018A9}.Release|Any CPU.Build.0 = Release|Any CPU
		{32B85F40-6028-41CF-A0F1-02156C4B3295}.Debug|Any CPU.ActiveCfg = Debug|Any CPU
		{32B85F40-6028-41CF-A0F1-02156C4B3295}.Debug|Any CPU.Build.0 = Debug|Any CPU
		{32B85F40-6028-41CF-A0F1-02156C4B3295}.Release|Any CPU.ActiveCfg = Release|Any CPU
		{32B85F40-6028-41CF-A0F1-02156C4B3295}.Release|Any CPU.Build.0 = Release|Any CPU
	EndGlobalSection
	GlobalSection(SolutionProperties) = preSolution
		HideSolutionNode = FALSE
	EndGlobalSection
	GlobalSection(ExtensibilityGlobals) = postSolution
		SolutionGuid = {A678B254-3D32-4083-A849-3A5C9600E524}
	EndGlobalSection
EndGlobal
