
Microsoft Visual Studio Solution File, Format Version 12.00
# Visual Studio Version 17
VisualStudioVersion = 17.3.32901.215
MinimumVisualStudioVersion = 10.0.40219.1
Project("{FAE04EC0-301F-11D3-BF4B-00C04F79EFBC}") = "QuanLyNhanSu", "QuanLyNhanSu\QuanLyNhanSu.csproj", "{C3776BB8-E461-495F-B9BB-CDA1EB1B4F17}"
EndProject
Global
	GlobalSection(SolutionConfigurationPlatforms) = preSolution
		Debug|Any CPU = Debug|Any CPU
		Release|Any CPU = Release|Any CPU
	EndGlobalSection
	GlobalSection(ProjectConfigurationPlatforms) = postSolution
		{C3776BB8-E461-495F-B9BB-CDA1EB1B4F17}.Debug|Any CPU.ActiveCfg = Debug|Any CPU
		{C3776BB8-E461-495F-B9BB-CDA1EB1B4F17}.Debug|Any CPU.Build.0 = Debug|Any CPU
		{C3776BB8-E461-495F-B9BB-CDA1EB1B4F17}.Release|Any CPU.ActiveCfg = Release|Any CPU
		{C3776BB8-E461-495F-B9BB-CDA1EB1B4F17}.Release|Any CPU.Build.0 = Release|Any CPU
	EndGlobalSection
	GlobalSection(SolutionProperties) = preSolution
		HideSolutionNode = FALSE
	EndGlobalSection
	GlobalSection(ExtensibilityGlobals) = postSolution
		SolutionGuid = {A678B254-3D32-4083-A849-3A5C9600E524}
	EndGlobalSection
EndGlobal
